
Microsoft Visual Studio Solution File, Format Version 12.00
# Visual Studio Version 17
VisualStudioVersion = 17.3.32929.385
MinimumVisualStudioVersion = 10.0.40219.1
Project("{FAE04EC0-301F-11D3-BF4B-00C04F79EFBC}") = "CoffeeMachineRun", "CoffeeMachineRun\CoffeeMachineRun.csproj", "{893AA796-F175-4529-B3F5-45B822F7D6CD}"
EndProject
Project("{FAE04EC0-301F-11D3-BF4B-00C04F79EFBC}") = "InvoicesManager", "InvoicesManager\InvoicesManager.csproj", "{5FE978D5-DAAC-4D05-B61C-6966C40AE405}"
EndProject
Project("{FAE04EC0-301F-11D3-BF4B-00C04F79EFBC}") = "Reports", "Reports\Reports.csproj", "{B4270D7E-ED11-4360-9C29-3D15CB9BC5AD}"
EndProject
Global
	GlobalSection(SolutionConfigurationPlatforms) = preSolution
		Debug|Any CPU = Debug|Any CPU
		Release|Any CPU = Release|Any CPU
	EndGlobalSection
	GlobalSection(ProjectConfigurationPlatforms) = postSolution
		{893AA796-F175-4529-B3F5-45B822F7D6CD}.Debug|Any CPU.ActiveCfg = Debug|Any CPU
		{893AA796-F175-4529-B3F5-45B822F7D6CD}.Debug|Any CPU.Build.0 = Debug|Any CPU
		{893AA796-F175-4529-B3F5-45B822F7D6CD}.Release|Any CPU.ActiveCfg = Release|Any CPU
		{893AA796-F175-4529-B3F5-45B822F7D6CD}.Release|Any CPU.Build.0 = Release|Any CPU
		{5FE978D5-DAAC-4D05-B61C-6966C40AE405}.Debug|Any CPU.ActiveCfg = Debug|Any CPU
		{5FE978D5-DAAC-4D05-B61C-6966C40AE405}.Debug|Any CPU.Build.0 = Debug|Any CPU
		{5FE978D5-DAAC-4D05-B61C-6966C40AE405}.Release|Any CPU.ActiveCfg = Release|Any CPU
		{5FE978D5-DAAC-4D05-B61C-6966C40AE405}.Release|Any CPU.Build.0 = Release|Any CPU
		{B4270D7E-ED11-4360-9C29-3D15CB9BC5AD}.Debug|Any CPU.ActiveCfg = Debug|Any CPU
		{B4270D7E-ED11-4360-9C29-3D15CB9BC5AD}.Debug|Any CPU.Build.0 = Debug|Any CPU
		{B4270D7E-ED11-4360-9C29-3D15CB9BC5AD}.Release|Any CPU.ActiveCfg = Release|Any CPU
		{B4270D7E-ED11-4360-9C29-3D15CB9BC5AD}.Release|Any CPU.Build.0 = Release|Any CPU
	EndGlobalSection
	GlobalSection(SolutionProperties) = preSolution
		HideSolutionNode = FALSE
	EndGlobalSection
	GlobalSection(ExtensibilityGlobals) = postSolution
		SolutionGuid = {B2440FE8-E10F-4595-AC87-8A143E04468F}
	EndGlobalSection
EndGlobal
